
Microsoft Visual Studio Solution File, Format Version 12.00
# Visual Studio Version 17
VisualStudioVersion = 17.3.32922.545
MinimumVisualStudioVersion = 10.0.40219.1
Project("{FAE04EC0-301F-11D3-BF4B-00C04F79EFBC}") = "web-api", "web-api\web-api.csproj", "{48C39E7A-2F9B-482E-B13C-8C27BA70E438}"
EndProject
Global
	GlobalSection(SolutionConfigurationPlatforms) = preSolution
		Debug|Any CPU = Debug|Any CPU
		Release|Any CPU = Release|Any CPU
	EndGlobalSection
	GlobalSection(ProjectConfigurationPlatforms) = postSolution
		{48C39E7A-2F9B-482E-B13C-8C27BA70E438}.Debug|Any CPU.ActiveCfg = Debug|Any CPU
		{48C39E7A-2F9B-482E-B13C-8C27BA70E438}.Debug|Any CPU.Build.0 = Debug|Any CPU
		{48C39E7A-2F9B-482E-B13C-8C27BA70E438}.Release|Any CPU.ActiveCfg = Release|Any CPU
		{48C39E7A-2F9B-482E-B13C-8C27BA70E438}.Release|Any CPU.Build.0 = Release|Any CPU
	EndGlobalSection
	GlobalSection(SolutionProperties) = preSolution
		HideSolutionNode = FALSE
	EndGlobalSection
	GlobalSection(ExtensibilityGlobals) = postSolution
		SolutionGuid = {3F408899-74C0-4F65-9B2E-F56C8BFCDF8E}
	EndGlobalSection
EndGlobal
